
Microsoft Visual Studio Solution File, Format Version 12.00
# Visual Studio 14
VisualStudioVersion = 14.0.25420.1
MinimumVisualStudioVersion = 10.0.40219.1
Project("{FAE04EC0-301F-11D3-BF4B-00C04F79EFBC}") = "GuildCars.UI", "GuildCars.UI\GuildCars.UI.csproj", "{24BDDBE8-CAF4-44C6-837A-0A8B965572A9}"
EndProject
Project("{FAE04EC0-301F-11D3-BF4B-00C04F79EFBC}") = "GuildCars.Models", "GuildCars.Models\GuildCars.Models.csproj", "{D92AD674-FF7A-4C2A-A6EF-9B7959EA46E9}"
EndProject
Project("{FAE04EC0-301F-11D3-BF4B-00C04F79EFBC}") = "GuildCars.Data", "GuildCars.Data\GuildCars.Data.csproj", "{A76C9204-D90B-47A0-B9AD-A2EA1B2DAA27}"
EndProject
Project("{FAE04EC0-301F-11D3-BF4B-00C04F79EFBC}") = "GuildCars.Tests", "GuildCars.Test\GuildCars.Tests.csproj", "{C828CC82-E2DC-4A18-946D-77C831487F43}"
EndProject
Global
	GlobalSection(SolutionConfigurationPlatforms) = preSolution
		Debug|Any CPU = Debug|Any CPU
		Release|Any CPU = Release|Any CPU
	EndGlobalSection
	GlobalSection(ProjectConfigurationPlatforms) = postSolution
		{24BDDBE8-CAF4-44C6-837A-0A8B965572A9}.Debug|Any CPU.ActiveCfg = Debug|Any CPU
		{24BDDBE8-CAF4-44C6-837A-0A8B965572A9}.Debug|Any CPU.Build.0 = Debug|Any CPU
		{24BDDBE8-CAF4-44C6-837A-0A8B965572A9}.Release|Any CPU.ActiveCfg = Release|Any CPU
		{24BDDBE8-CAF4-44C6-837A-0A8B965572A9}.Release|Any CPU.Build.0 = Release|Any CPU
		{D92AD674-FF7A-4C2A-A6EF-9B7959EA46E9}.Debug|Any CPU.ActiveCfg = Debug|Any CPU
		{D92AD674-FF7A-4C2A-A6EF-9B7959EA46E9}.Debug|Any CPU.Build.0 = Debug|Any CPU
		{D92AD674-FF7A-4C2A-A6EF-9B7959EA46E9}.Release|Any CPU.ActiveCfg = Release|Any CPU
		{D92AD674-FF7A-4C2A-A6EF-9B7959EA46E9}.Release|Any CPU.Build.0 = Release|Any CPU
		{A76C9204-D90B-47A0-B9AD-A2EA1B2DAA27}.Debug|Any CPU.ActiveCfg = Debug|Any CPU
		{A76C9204-D90B-47A0-B9AD-A2EA1B2DAA27}.Debug|Any CPU.Build.0 = Debug|Any CPU
		{A76C9204-D90B-47A0-B9AD-A2EA1B2DAA27}.Release|Any CPU.ActiveCfg = Release|Any CPU
		{A76C9204-D90B-47A0-B9AD-A2EA1B2DAA27}.Release|Any CPU.Build.0 = Release|Any CPU
		{C828CC82-E2DC-4A18-946D-77C831487F43}.Debug|Any CPU.ActiveCfg = Debug|Any CPU
		{C828CC82-E2DC-4A18-946D-77C831487F43}.Debug|Any CPU.Build.0 = Debug|Any CPU
		{C828CC82-E2DC-4A18-946D-77C831487F43}.Release|Any CPU.ActiveCfg = Release|Any CPU
		{C828CC82-E2DC-4A18-946D-77C831487F43}.Release|Any CPU.Build.0 = Release|Any CPU
	EndGlobalSection
	GlobalSection(SolutionProperties) = preSolution
		HideSolutionNode = FALSE
	EndGlobalSection
EndGlobal
